
Microsoft Visual Studio Solution File, Format Version 12.00
# Visual Studio Version 17
VisualStudioVersion = 17.0.31903.59
MinimumVisualStudioVersion = 10.0.40219.1
Project("{FAE04EC0-301F-11D3-BF4B-00C04F79EFBC}") = "ExemploFundamentos", "ExemploFundamentos\ExemploFundamentos.csproj", "{7D9043A9-BC2B-40B2-964B-870677DFB3FD}"
EndProject
Project("{FAE04EC0-301F-11D3-BF4B-00C04F79EFBC}") = "ExemploFundamentos.Common", "ExemploFundamentos.Common\ExemploFundamentos.Common.csproj", "{470C438F-2FEF-4199-83EF-7F12548C3617}"
EndProject
Global
	GlobalSection(SolutionConfigurationPlatforms) = preSolution
		Debug|Any CPU = Debug|Any CPU
		Release|Any CPU = Release|Any CPU
	EndGlobalSection
	GlobalSection(SolutionProperties) = preSolution
		HideSolutionNode = FALSE
	EndGlobalSection
	GlobalSection(ProjectConfigurationPlatforms) = postSolution
		{7D9043A9-BC2B-40B2-964B-870677DFB3FD}.Debug|Any CPU.ActiveCfg = Debug|Any CPU
		{7D9043A9-BC2B-40B2-964B-870677DFB3FD}.Debug|Any CPU.Build.0 = Debug|Any CPU
		{7D9043A9-BC2B-40B2-964B-870677DFB3FD}.Release|Any CPU.ActiveCfg = Release|Any CPU
		{7D9043A9-BC2B-40B2-964B-870677DFB3FD}.Release|Any CPU.Build.0 = Release|Any CPU
		{470C438F-2FEF-4199-83EF-7F12548C3617}.Debug|Any CPU.ActiveCfg = Debug|Any CPU
		{470C438F-2FEF-4199-83EF-7F12548C3617}.Debug|Any CPU.Build.0 = Debug|Any CPU
		{470C438F-2FEF-4199-83EF-7F12548C3617}.Release|Any CPU.ActiveCfg = Release|Any CPU
		{470C438F-2FEF-4199-83EF-7F12548C3617}.Release|Any CPU.Build.0 = Release|Any CPU
	EndGlobalSection
EndGlobal
